<Solution>
  <Project Path="PurrVoice.Runtime.csproj" />
  <Project Path="Assembly-CSharp.csproj" />
  <Project Path="uLipSync.Runtime.csproj" />
  <Project Path="uLipSync.Editor.csproj" />
  <Project Path="PurrVoice.Editor.csproj" />
  <Project Path="Assembly-CSharp-Editor.csproj" />
  <Project Path="PurrNet.Microphone.csproj" />
  <Project Path="Tests.csproj" />
</Solution>
